
Microsoft Visual Studio Solution File, Format Version 12.00
# Visual Studio Version 17
VisualStudioVersion = 17.14.36811.4 d17.14
MinimumVisualStudioVersion = 10.0.40219.1
Project("{FAE04EC0-301F-11D3-BF4B-00C04F79EFBC}") = "binary", "binary.csproj", "{49E7095C-BA06-4F9E-BC6D-38AEA0417A9E}"
EndProject
Global
	GlobalSection(SolutionConfigurationPlatforms) = preSolution
		Debug|Any CPU = Debug|Any CPU
		Release|Any CPU = Release|Any CPU
	EndGlobalSection
	GlobalSection(ProjectConfigurationPlatforms) = postSolution
		{49E7095C-BA06-4F9E-BC6D-38AEA0417A9E}.Debug|Any CPU.ActiveCfg = Debug|Any CPU
		{49E7095C-BA06-4F9E-BC6D-38AEA0417A9E}.Debug|Any CPU.Build.0 = Debug|Any CPU
		{49E7095C-BA06-4F9E-BC6D-38AEA0417A9E}.Release|Any CPU.ActiveCfg = Release|Any CPU
		{49E7095C-BA06-4F9E-BC6D-38AEA0417A9E}.Release|Any CPU.Build.0 = Release|Any CPU
	EndGlobalSection
	GlobalSection(SolutionProperties) = preSolution
		HideSolutionNode = FALSE
	EndGlobalSection
	GlobalSection(ExtensibilityGlobals) = postSolution
		SolutionGuid = {361C1321-AEEE-48F6-96A2-9EB584AE49AD}
	EndGlobalSection
EndGlobal
