
Microsoft Visual Studio Solution File, Format Version 12.00
# Visual Studio Version 17
VisualStudioVersion = 17.14.36811.4 d17.14
MinimumVisualStudioVersion = 10.0.40219.1
Project("{FAE04EC0-301F-11D3-BF4B-00C04F79EFBC}") = "Dialogs", "Dialogs.csproj", "{C43B6AE1-869E-4EB8-B878-C4483D2BED59}"
EndProject
Global
	GlobalSection(SolutionConfigurationPlatforms) = preSolution
		Debug|Any CPU = Debug|Any CPU
		Release|Any CPU = Release|Any CPU
	EndGlobalSection
	GlobalSection(ProjectConfigurationPlatforms) = postSolution
		{C43B6AE1-869E-4EB8-B878-C4483D2BED59}.Debug|Any CPU.ActiveCfg = Debug|Any CPU
		{C43B6AE1-869E-4EB8-B878-C4483D2BED59}.Debug|Any CPU.Build.0 = Debug|Any CPU
		{C43B6AE1-869E-4EB8-B878-C4483D2BED59}.Release|Any CPU.ActiveCfg = Release|Any CPU
		{C43B6AE1-869E-4EB8-B878-C4483D2BED59}.Release|Any CPU.Build.0 = Release|Any CPU
	EndGlobalSection
	GlobalSection(SolutionProperties) = preSolution
		HideSolutionNode = FALSE
	EndGlobalSection
	GlobalSection(ExtensibilityGlobals) = postSolution
		SolutionGuid = {76BCFB41-F05D-4DA6-A851-27F235997744}
	EndGlobalSection
EndGlobal
