
Microsoft Visual Studio Solution File, Format Version 12.00
# Visual Studio Version 17
VisualStudioVersion = 17.14.36811.4 d17.14
MinimumVisualStudioVersion = 10.0.40219.1
Project("{FAE04EC0-301F-11D3-BF4B-00C04F79EFBC}") = "First_Project", "First_Project.csproj", "{573706D7-A198-4D76-8E9A-47846BEAD981}"
EndProject
Global
	GlobalSection(SolutionConfigurationPlatforms) = preSolution
		Debug|Any CPU = Debug|Any CPU
		Release|Any CPU = Release|Any CPU
	EndGlobalSection
	GlobalSection(ProjectConfigurationPlatforms) = postSolution
		{573706D7-A198-4D76-8E9A-47846BEAD981}.Debug|Any CPU.ActiveCfg = Debug|Any CPU
		{573706D7-A198-4D76-8E9A-47846BEAD981}.Debug|Any CPU.Build.0 = Debug|Any CPU
		{573706D7-A198-4D76-8E9A-47846BEAD981}.Release|Any CPU.ActiveCfg = Release|Any CPU
		{573706D7-A198-4D76-8E9A-47846BEAD981}.Release|Any CPU.Build.0 = Release|Any CPU
	EndGlobalSection
	GlobalSection(SolutionProperties) = preSolution
		HideSolutionNode = FALSE
	EndGlobalSection
	GlobalSection(ExtensibilityGlobals) = postSolution
		SolutionGuid = {C0FFCDAE-AD2D-4F0D-8F77-176E0C9AE402}
	EndGlobalSection
EndGlobal
