
Microsoft Visual Studio Solution File, Format Version 12.00
# Visual Studio Version 17
VisualStudioVersion = 17.14.36811.4 d17.14
MinimumVisualStudioVersion = 10.0.40219.1
Project("{FAE04EC0-301F-11D3-BF4B-00C04F79EFBC}") = "interfaces", "interfaces.csproj", "{BC608B88-DFD1-4E0E-8664-0F7D7BF9384A}"
EndProject
Global
	GlobalSection(SolutionConfigurationPlatforms) = preSolution
		Debug|Any CPU = Debug|Any CPU
		Release|Any CPU = Release|Any CPU
	EndGlobalSection
	GlobalSection(ProjectConfigurationPlatforms) = postSolution
		{BC608B88-DFD1-4E0E-8664-0F7D7BF9384A}.Debug|Any CPU.ActiveCfg = Debug|Any CPU
		{BC608B88-DFD1-4E0E-8664-0F7D7BF9384A}.Debug|Any CPU.Build.0 = Debug|Any CPU
		{BC608B88-DFD1-4E0E-8664-0F7D7BF9384A}.Release|Any CPU.ActiveCfg = Release|Any CPU
		{BC608B88-DFD1-4E0E-8664-0F7D7BF9384A}.Release|Any CPU.Build.0 = Release|Any CPU
	EndGlobalSection
	GlobalSection(SolutionProperties) = preSolution
		HideSolutionNode = FALSE
	EndGlobalSection
	GlobalSection(ExtensibilityGlobals) = postSolution
		SolutionGuid = {A81F290C-A876-4CD1-896C-204F18ED3512}
	EndGlobalSection
EndGlobal
