
Microsoft Visual Studio Solution File, Format Version 12.00
# Visual Studio Version 17
VisualStudioVersion = 17.14.36811.4 d17.14
MinimumVisualStudioVersion = 10.0.40219.1
Project("{FAE04EC0-301F-11D3-BF4B-00C04F79EFBC}") = "DocumentInterfaces", "DocumentInterfaces.csproj", "{A91C1AFF-8D65-45B2-8548-E0FEAB176A73}"
EndProject
Global
	GlobalSection(SolutionConfigurationPlatforms) = preSolution
		Debug|Any CPU = Debug|Any CPU
		Release|Any CPU = Release|Any CPU
	EndGlobalSection
	GlobalSection(ProjectConfigurationPlatforms) = postSolution
		{A91C1AFF-8D65-45B2-8548-E0FEAB176A73}.Debug|Any CPU.ActiveCfg = Debug|Any CPU
		{A91C1AFF-8D65-45B2-8548-E0FEAB176A73}.Debug|Any CPU.Build.0 = Debug|Any CPU
		{A91C1AFF-8D65-45B2-8548-E0FEAB176A73}.Release|Any CPU.ActiveCfg = Release|Any CPU
		{A91C1AFF-8D65-45B2-8548-E0FEAB176A73}.Release|Any CPU.Build.0 = Release|Any CPU
	EndGlobalSection
	GlobalSection(SolutionProperties) = preSolution
		HideSolutionNode = FALSE
	EndGlobalSection
	GlobalSection(ExtensibilityGlobals) = postSolution
		SolutionGuid = {E9AE1F05-B78E-44CD-966D-D5E8EEAC7E29}
	EndGlobalSection
EndGlobal
