
Microsoft Visual Studio Solution File, Format Version 12.00
# Visual Studio Version 17
VisualStudioVersion = 17.14.36811.4 d17.14
MinimumVisualStudioVersion = 10.0.40219.1
Project("{FAE04EC0-301F-11D3-BF4B-00C04F79EFBC}") = "new_and_override", "new_and_override.csproj", "{4CD17BE1-FB18-49DA-8C45-F4D3DC073B24}"
EndProject
Global
	GlobalSection(SolutionConfigurationPlatforms) = preSolution
		Debug|Any CPU = Debug|Any CPU
		Release|Any CPU = Release|Any CPU
	EndGlobalSection
	GlobalSection(ProjectConfigurationPlatforms) = postSolution
		{4CD17BE1-FB18-49DA-8C45-F4D3DC073B24}.Debug|Any CPU.ActiveCfg = Debug|Any CPU
		{4CD17BE1-FB18-49DA-8C45-F4D3DC073B24}.Debug|Any CPU.Build.0 = Debug|Any CPU
		{4CD17BE1-FB18-49DA-8C45-F4D3DC073B24}.Release|Any CPU.ActiveCfg = Release|Any CPU
		{4CD17BE1-FB18-49DA-8C45-F4D3DC073B24}.Release|Any CPU.Build.0 = Release|Any CPU
	EndGlobalSection
	GlobalSection(SolutionProperties) = preSolution
		HideSolutionNode = FALSE
	EndGlobalSection
	GlobalSection(ExtensibilityGlobals) = postSolution
		SolutionGuid = {62CE9CA4-D515-4306-B0FF-B88D59C99AFA}
	EndGlobalSection
EndGlobal
